{
  "requires": true,
  "lockfileVersion": 1,
  "dependencies": {
    "@haftahave/serverless-ses-template": {
      "version": "3.0.3",
      "resolved": "https://registry.npmjs.org/@haftahave/serverless-ses-template/-/serverless-ses-template-3.0.3.tgz",
      "integrity": "sha512-X02Jh7OxlTKXdRuwfQpUAY1tzhNDkiobtpngHhEeE00eJ5FDNyy8DvHmJjidztCrPWid8TUmwmos5U7dg2tBDg==",
      "requires": {
        "cli-table": "^0.3.6"
      }
    },
    "cli-table": {
      "version": "0.3.6",
      "resolved": "https://registry.npmjs.org/cli-table/-/cli-table-0.3.6.tgz",
      "integrity": "sha512-ZkNZbnZjKERTY5NwC2SeMeLeifSPq/pubeRoTpdr3WchLlnZg6hEgvHkK5zL7KNFdd9PmHN8lxrENUwI3cE8vQ==",
      "requires": {
        "colors": "1.0.3"
      }
    },
    "colors": {
      "version": "1.0.3",
      "resolved": "https://registry.npmjs.org/colors/-/colors-1.0.3.tgz",
      "integrity": "sha1-BDP0TYCWgP3rYO0mDxsMJi6CpAs="
    }
  }
}
